{
    "version": 3,
    "terraform_version": "0.11.9",
    "serial": 2,
    "lineage": "c3f21c20-72de-5d52-0dbd-7459e8af4e26",
    "modules": [
        {
            "path": [
                "root"
            ],
            "outputs": {},
            "resources": {
                "azurerm_resource_group.tfgroup": {
                    "type": "azurerm_resource_group",
                    "depends_on": [],
                    "primary": {
                        "id": "/subscriptions/674d6d57-6944-4d08-8496-f65351ecbada/resourceGroups/suresh",
                        "attributes": {
                            "id": "/subscriptions/674d6d57-6944-4d08-8496-f65351ecbada/resourceGroups/suresh",
                            "location": "centralus",
                            "name": "suresh",
                            "tags.%": "0"
                        },
                        "meta": {},
                        "tainted": false
                    },
                    "deposed": [],
                    "provider": "provider.azurerm"
                },
                "azurerm_subnet.tfsubnet": {
                    "type": "azurerm_subnet",
                    "depends_on": [
                        "azurerm_resource_group.tfgroup",
                        "azurerm_virtual_network.tfvnet"
                    ],
                    "primary": {
                        "id": "/subscriptions/674d6d57-6944-4d08-8496-f65351ecbada/resourceGroups/suresh/providers/Microsoft.Network/virtualNetworks/vnet-1/subnets/data",
                        "attributes": {
                            "address_prefix": "10.10.0.0/24",
                            "delegation.#": "0",
                            "id": "/subscriptions/674d6d57-6944-4d08-8496-f65351ecbada/resourceGroups/suresh/providers/Microsoft.Network/virtualNetworks/vnet-1/subnets/data",
                            "ip_configurations.#": "0",
                            "name": "data",
                            "network_security_group_id": "",
                            "resource_group_name": "suresh",
                            "route_table_id": "",
                            "service_endpoints.#": "0",
                            "virtual_network_name": "vnet-1"
                        },
                        "meta": {},
                        "tainted": false
                    },
                    "deposed": [],
                    "provider": "provider.azurerm"
                },
                "azurerm_virtual_network.tfvnet": {
                    "type": "azurerm_virtual_network",
                    "depends_on": [
                        "azurerm_resource_group.tfgroup"
                    ],
                    "primary": {
                        "id": "/subscriptions/674d6d57-6944-4d08-8496-f65351ecbada/resourceGroups/suresh/providers/Microsoft.Network/virtualNetworks/vnet-1",
                        "attributes": {
                            "address_space.#": "1",
                            "address_space.0": "10.10.0.0/16",
                            "dns_servers.#": "0",
                            "id": "/subscriptions/674d6d57-6944-4d08-8496-f65351ecbada/resourceGroups/suresh/providers/Microsoft.Network/virtualNetworks/vnet-1",
                            "location": "centralus",
                            "name": "vnet-1",
                            "resource_group_name": "suresh",
                            "subnet.#": "0",
                            "tags.%": "0"
                        },
                        "meta": {},
                        "tainted": false
                    },
                    "deposed": [],
                    "provider": "provider.azurerm"
                }
            },
            "depends_on": []
        }
    ]
}
